// !$*UTF8*$!
{
	archiveVersion = 1;
	classes = {
	};
	objectVersion = 56;
	objects = {

/* Begin PBXBuildFile section */
		8D13288D2AB09FFE002C1217 /* String+Extensions.swift in Sources */ = {isa = PBXBuildFile; fileRef = 8D13288C2AB09FFE002C1217 /* String+Extensions.swift */; };
		8D193EC62AB5323F00EE6F50 /* Route.swift in Sources */ = {isa = PBXBuildFile; fileRef = 8D193EC52AB5323F00EE6F50 /* Route.swift */; };
		8D193EC82AB5607100EE6F50 /* LoginScreen.swift in Sources */ = {isa = PBXBuildFile; fileRef = 8D193EC72AB5607100EE6F50 /* LoginScreen.swift */; };
		8DB2B6A32AB01D9700ADA823 /* ExamPrepClientApp.swift in Sources */ = {isa = PBXBuildFile; fileRef = 8DB2B6A22AB01D9700ADA823 /* ExamPrepClientApp.swift */; };
		8DB2B6A52AB01D9700ADA823 /* ContentView.swift in Sources */ = {isa = PBXBuildFile; fileRef = 8DB2B6A42AB01D9700ADA823 /* ContentView.swift */; };
		8DB2B6A72AB01D9700ADA823 /* Assets.xcassets in Resources */ = {isa = PBXBuildFile; fileRef = 8DB2B6A62AB01D9700ADA823 /* Assets.xcassets */; };
		8DB2B6AA2AB01D9700ADA823 /* Preview Assets.xcassets in Resources */ = {isa = PBXBuildFile; fileRef = 8DB2B6A92AB01D9700ADA823 /* Preview Assets.xcassets */; };
		8DB2B6B22AB01E1800ADA823 /* RegistrationScreen.swift in Sources */ = {isa = PBXBuildFile; fileRef = 8DB2B6B12AB01E1800ADA823 /* RegistrationScreen.swift */; };
		8DCCC3292AB4A138002CCF77 /* HTTPClient.swift in Sources */ = {isa = PBXBuildFile; fileRef = 8DCCC3282AB4A138002CCF77 /* HTTPClient.swift */; };
		8DCCC32C2AB4A37D002CCF77 /* HTTPClientKey.swift in Sources */ = {isa = PBXBuildFile; fileRef = 8DCCC32B2AB4A37D002CCF77 /* HTTPClientKey.swift */; };
		8DCCC32F2AB4A629002CCF77 /* Constants.swift in Sources */ = {isa = PBXBuildFile; fileRef = 8DCCC32E2AB4A629002CCF77 /* Constants.swift */; };
		8DCCC3312AB4AB2F002CCF77 /* DTOs.swift in Sources */ = {isa = PBXBuildFile; fileRef = 8DCCC3302AB4AB2F002CCF77 /* DTOs.swift */; };
		8DCCC3332AB4AF54002CCF77 /* Account.swift in Sources */ = {isa = PBXBuildFile; fileRef = 8DCCC3322AB4AF54002CCF77 /* Account.swift */; };
		8DCCC3362AB4B349002CCF77 /* MessageWrapper.swift in Sources */ = {isa = PBXBuildFile; fileRef = 8DCCC3352AB4B349002CCF77 /* MessageWrapper.swift */; };
		8DCCC3382AB4B37E002CCF77 /* ShowErrorKey.swift in Sources */ = {isa = PBXBuildFile; fileRef = 8DCCC3372AB4B37E002CCF77 /* ShowErrorKey.swift */; };
		8DF9E01D2AB4DB2100F8012F /* MessageView.swift in Sources */ = {isa = PBXBuildFile; fileRef = 8DF9E01C2AB4DB2100F8012F /* MessageView.swift */; };
		8DF9E01F2AB4DFB500F8012F /* SampleError.swift in Sources */ = {isa = PBXBuildFile; fileRef = 8DF9E01E2AB4DFB500F8012F /* SampleError.swift */; };
		8DFE96462AB61C1B0017569B /* WithRouting.swift in Sources */ = {isa = PBXBuildFile; fileRef = 8DFE96452AB61C1B0017569B /* WithRouting.swift */; };
		8DFE96482AB61C600017569B /* View+Extensions.swift in Sources */ = {isa = PBXBuildFile; fileRef = 8DFE96472AB61C600017569B /* View+Extensions.swift */; };
/* End PBXBuildFile section */

/* Begin PBXFileReference section */
		8D13288C2AB09FFE002C1217 /* String+Extensions.swift */ = {isa = PBXFileReference; lastKnownFileType = sourcecode.swift; path = "String+Extensions.swift"; sourceTree = "<group>"; };
		8D193EC52AB5323F00EE6F50 /* Route.swift */ = {isa = PBXFileReference; lastKnownFileType = sourcecode.swift; path = Route.swift; sourceTree = "<group>"; };
		8D193EC72AB5607100EE6F50 /* LoginScreen.swift */ = {isa = PBXFileReference; lastKnownFileType = sourcecode.swift; path = LoginScreen.swift; sourceTree = "<group>"; };
		8DB2B69F2AB01D9700ADA823 /* ExamPrepClient.app */ = {isa = PBXFileReference; explicitFileType = wrapper.application; includeInIndex = 0; path = ExamPrepClient.app; sourceTree = BUILT_PRODUCTS_DIR; };
		8DB2B6A22AB01D9700ADA823 /* ExamPrepClientApp.swift */ = {isa = PBXFileReference; lastKnownFileType = sourcecode.swift; path = ExamPrepClientApp.swift; sourceTree = "<group>"; };
		8DB2B6A42AB01D9700ADA823 /* ContentView.swift */ = {isa = PBXFileReference; lastKnownFileType = sourcecode.swift; path = ContentView.swift; sourceTree = "<group>"; };
		8DB2B6A62AB01D9700ADA823 /* Assets.xcassets */ = {isa = PBXFileReference; lastKnownFileType = folder.assetcatalog; path = Assets.xcassets; sourceTree = "<group>"; };
		8DB2B6A92AB01D9700ADA823 /* Preview Assets.xcassets */ = {isa = PBXFileReference; lastKnownFileType = folder.assetcatalog; path = "Preview Assets.xcassets"; sourceTree = "<group>"; };
		8DB2B6B12AB01E1800ADA823 /* RegistrationScreen.swift */ = {isa = PBXFileReference; lastKnownFileType = sourcecode.swift; path = RegistrationScreen.swift; sourceTree = "<group>"; };
		8DCCC3282AB4A138002CCF77 /* HTTPClient.swift */ = {isa = PBXFileReference; lastKnownFileType = sourcecode.swift; path = HTTPClient.swift; sourceTree = "<group>"; };
		8DCCC32B2AB4A37D002CCF77 /* HTTPClientKey.swift */ = {isa = PBXFileReference; lastKnownFileType = sourcecode.swift; path = HTTPClientKey.swift; sourceTree = "<group>"; };
		8DCCC32E2AB4A629002CCF77 /* Constants.swift */ = {isa = PBXFileReference; lastKnownFileType = sourcecode.swift; path = Constants.swift; sourceTree = "<group>"; };
		8DCCC3302AB4AB2F002CCF77 /* DTOs.swift */ = {isa = PBXFileReference; lastKnownFileType = sourcecode.swift; path = DTOs.swift; sourceTree = "<group>"; };
		8DCCC3322AB4AF54002CCF77 /* Account.swift */ = {isa = PBXFileReference; lastKnownFileType = sourcecode.swift; path = Account.swift; sourceTree = "<group>"; };
		8DCCC3352AB4B349002CCF77 /* MessageWrapper.swift */ = {isa = PBXFileReference; lastKnownFileType = sourcecode.swift; path = MessageWrapper.swift; sourceTree = "<group>"; };
		8DCCC3372AB4B37E002CCF77 /* ShowErrorKey.swift */ = {isa = PBXFileReference; lastKnownFileType = sourcecode.swift; path = ShowErrorKey.swift; sourceTree = "<group>"; };
		8DF9E01C2AB4DB2100F8012F /* MessageView.swift */ = {isa = PBXFileReference; lastKnownFileType = sourcecode.swift; path = MessageView.swift; sourceTree = "<group>"; };
		8DF9E01E2AB4DFB500F8012F /* SampleError.swift */ = {isa = PBXFileReference; lastKnownFileType = sourcecode.swift; path = SampleError.swift; sourceTree = "<group>"; };
		8DFE96452AB61C1B0017569B /* WithRouting.swift */ = {isa = PBXFileReference; lastKnownFileType = sourcecode.swift; path = WithRouting.swift; sourceTree = "<group>"; };
		8DFE96472AB61C600017569B /* View+Extensions.swift */ = {isa = PBXFileReference; lastKnownFileType = sourcecode.swift; path = "View+Extensions.swift"; sourceTree = "<group>"; };
/* End PBXFileReference section */

/* Begin PBXFrameworksBuildPhase section */
		8DB2B69C2AB01D9700ADA823 /* Frameworks */ = {
			isa = PBXFrameworksBuildPhase;
			buildActionMask = 2147483647;
			files = (
			);
			runOnlyForDeploymentPostprocessing = 0;
		};
/* End PBXFrameworksBuildPhase section */

/* Begin PBXGroup section */
		8D1328882AB09F83002C1217 /* Models */ = {
			isa = PBXGroup;
			children = (
				8DCCC3302AB4AB2F002CCF77 /* DTOs.swift */,
				8DCCC3322AB4AF54002CCF77 /* Account.swift */,
			);
			path = Models;
			sourceTree = "<group>";
		};
		8D13288B2AB09FF2002C1217 /* Extensions */ = {
			isa = PBXGroup;
			children = (
				8D13288C2AB09FFE002C1217 /* String+Extensions.swift */,
				8DFE96472AB61C600017569B /* View+Extensions.swift */,
			);
			path = Extensions;
			sourceTree = "<group>";
		};
		8D193EC42AB5322F00EE6F50 /* Routing */ = {
			isa = PBXGroup;
			children = (
				8D193EC52AB5323F00EE6F50 /* Route.swift */,
			);
			path = Routing;
			sourceTree = "<group>";
		};
		8D5554D62AB74202008F46A5 /* Faculty */ = {
			isa = PBXGroup;
			children = (
			);
			path = Faculty;
			sourceTree = "<group>";
		};
		8D5554D72AB7420A008F46A5 /* Student */ = {
			isa = PBXGroup;
			children = (
			);
			path = Student;
			sourceTree = "<group>";
		};
		8DB2B6962AB01D9700ADA823 = {
			isa = PBXGroup;
			children = (
				8DB2B6A12AB01D9700ADA823 /* ExamPrepClient */,
				8DB2B6A02AB01D9700ADA823 /* Products */,
			);
			sourceTree = "<group>";
		};
		8DB2B6A02AB01D9700ADA823 /* Products */ = {
			isa = PBXGroup;
			children = (
				8DB2B69F2AB01D9700ADA823 /* ExamPrepClient.app */,
			);
			name = Products;
			sourceTree = "<group>";
		};
		8DB2B6A12AB01D9700ADA823 /* ExamPrepClient */ = {
			isa = PBXGroup;
			children = (
				8DFE96442AB61BE90017569B /* View Modifiers */,
				8D193EC42AB5322F00EE6F50 /* Routing */,
				8DF9E01B2AB4DB1300F8012F /* Views */,
				8DCCC3342AB4B341002CCF77 /* Errors */,
				8DCCC32D2AB4A61F002CCF77 /* Utilities */,
				8DCCC3272AB4A11F002CCF77 /* Network */,
				8D13288B2AB09FF2002C1217 /* Extensions */,
				8D1328882AB09F83002C1217 /* Models */,
				8DB2B6B02AB01DC000ADA823 /* Screens */,
				8DB2B6A22AB01D9700ADA823 /* ExamPrepClientApp.swift */,
				8DB2B6A42AB01D9700ADA823 /* ContentView.swift */,
				8DB2B6A62AB01D9700ADA823 /* Assets.xcassets */,
				8DB2B6A82AB01D9700ADA823 /* Preview Content */,
			);
			path = ExamPrepClient;
			sourceTree = "<group>";
		};
		8DB2B6A82AB01D9700ADA823 /* Preview Content */ = {
			isa = PBXGroup;
			children = (
				8DB2B6A92AB01D9700ADA823 /* Preview Assets.xcassets */,
				8DF9E01E2AB4DFB500F8012F /* SampleError.swift */,
			);
			path = "Preview Content";
			sourceTree = "<group>";
		};
		8DB2B6B02AB01DC000ADA823 /* Screens */ = {
			isa = PBXGroup;
			children = (
				8D5554D72AB7420A008F46A5 /* Student */,
				8D5554D62AB74202008F46A5 /* Faculty */,
				8DB2B6B12AB01E1800ADA823 /* RegistrationScreen.swift */,
				8D193EC72AB5607100EE6F50 /* LoginScreen.swift */,
			);
			path = Screens;
			sourceTree = "<group>";
		};
		8DCCC3272AB4A11F002CCF77 /* Network */ = {
			isa = PBXGroup;
			children = (
				8DCCC32B2AB4A37D002CCF77 /* HTTPClientKey.swift */,
				8DCCC3282AB4A138002CCF77 /* HTTPClient.swift */,
			);
			path = Network;
			sourceTree = "<group>";
		};
		8DCCC32D2AB4A61F002CCF77 /* Utilities */ = {
			isa = PBXGroup;
			children = (
				8DCCC3372AB4B37E002CCF77 /* ShowErrorKey.swift */,
				8DCCC32E2AB4A629002CCF77 /* Constants.swift */,
			);
			path = Utilities;
			sourceTree = "<group>";
		};
		8DCCC3342AB4B341002CCF77 /* Errors */ = {
			isa = PBXGroup;
			children = (
				8DCCC3352AB4B349002CCF77 /* MessageWrapper.swift */,
			);
			path = Errors;
			sourceTree = "<group>";
		};
		8DF9E01B2AB4DB1300F8012F /* Views */ = {
			isa = PBXGroup;
			children = (
				8DF9E01C2AB4DB2100F8012F /* MessageView.swift */,
			);
			path = Views;
			sourceTree = "<group>";
		};
		8DFE96442AB61BE90017569B /* View Modifiers */ = {
			isa = PBXGroup;
			children = (
				8DFE96452AB61C1B0017569B /* WithRouting.swift */,
			);
			path = "View Modifiers";
			sourceTree = "<group>";
		};
/* End PBXGroup section */

/* Begin PBXNativeTarget section */
		8DB2B69E2AB01D9700ADA823 /* ExamPrepClient */ = {
			isa = PBXNativeTarget;
			buildConfigurationList = 8DB2B6AD2AB01D9700ADA823 /* Build configuration list for PBXNativeTarget "ExamPrepClient" */;
			buildPhases = (
				8DB2B69B2AB01D9700ADA823 /* Sources */,
				8DB2B69C2AB01D9700ADA823 /* Frameworks */,
				8DB2B69D2AB01D9700ADA823 /* Resources */,
			);
			buildRules = (
			);
			dependencies = (
			);
			name = ExamPrepClient;
			productName = ExamPrepClient;
			productReference = 8DB2B69F2AB01D9700ADA823 /* ExamPrepClient.app */;
			productType = "com.apple.product-type.application";
		};
/* End PBXNativeTarget section */

/* Begin PBXProject section */
		8DB2B6972AB01D9700ADA823 /* Project object */ = {
			isa = PBXProject;
			attributes = {
				BuildIndependentTargetsInParallel = 1;
				LastSwiftUpdateCheck = 1500;
				LastUpgradeCheck = 1500;
				TargetAttributes = {
					8DB2B69E2AB01D9700ADA823 = {
						CreatedOnToolsVersion = 15.0;
					};
				};
			};
			buildConfigurationList = 8DB2B69A2AB01D9700ADA823 /* Build configuration list for PBXProject "ExamPrepClient" */;
			compatibilityVersion = "Xcode 14.0";
			developmentRegion = en;
			hasScannedForEncodings = 0;
			knownRegions = (
				en,
				Base,
			);
			mainGroup = 8DB2B6962AB01D9700ADA823;
			productRefGroup = 8DB2B6A02AB01D9700ADA823 /* Products */;
			projectDirPath = "";
			projectRoot = "";
			targets = (
				8DB2B69E2AB01D9700ADA823 /* ExamPrepClient */,
			);
		};
/* End PBXProject section */

/* Begin PBXResourcesBuildPhase section */
		8DB2B69D2AB01D9700ADA823 /* Resources */ = {
			isa = PBXResourcesBuildPhase;
			buildActionMask = 2147483647;
			files = (
				8DB2B6AA2AB01D9700ADA823 /* Preview Assets.xcassets in Resources */,
				8DB2B6A72AB01D9700ADA823 /* Assets.xcassets in Resources */,
			);
			runOnlyForDeploymentPostprocessing = 0;
		};
/* End PBXResourcesBuildPhase section */

/* Begin PBXSourcesBuildPhase section */
		8DB2B69B2AB01D9700ADA823 /* Sources */ = {
			isa = PBXSourcesBuildPhase;
			buildActionMask = 2147483647;
			files = (
				8D13288D2AB09FFE002C1217 /* String+Extensions.swift in Sources */,
				8DCCC3312AB4AB2F002CCF77 /* DTOs.swift in Sources */,
				8DCCC32C2AB4A37D002CCF77 /* HTTPClientKey.swift in Sources */,
				8DCCC3362AB4B349002CCF77 /* MessageWrapper.swift in Sources */,
				8DB2B6B22AB01E1800ADA823 /* RegistrationScreen.swift in Sources */,
				8D193EC62AB5323F00EE6F50 /* Route.swift in Sources */,
				8D193EC82AB5607100EE6F50 /* LoginScreen.swift in Sources */,
				8DCCC3382AB4B37E002CCF77 /* ShowErrorKey.swift in Sources */,
				8DCCC3292AB4A138002CCF77 /* HTTPClient.swift in Sources */,
				8DCCC3332AB4AF54002CCF77 /* Account.swift in Sources */,
				8DB2B6A52AB01D9700ADA823 /* ContentView.swift in Sources */,
				8DFE96482AB61C600017569B /* View+Extensions.swift in Sources */,
				8DF9E01F2AB4DFB500F8012F /* SampleError.swift in Sources */,
				8DB2B6A32AB01D9700ADA823 /* ExamPrepClientApp.swift in Sources */,
				8DF9E01D2AB4DB2100F8012F /* MessageView.swift in Sources */,
				8DFE96462AB61C1B0017569B /* WithRouting.swift in Sources */,
				8DCCC32F2AB4A629002CCF77 /* Constants.swift in Sources */,
			);
			runOnlyForDeploymentPostprocessing = 0;
		};
/* End PBXSourcesBuildPhase section */

/* Begin XCBuildConfiguration section */
		8DB2B6AB2AB01D9700ADA823 /* Debug */ = {
			isa = XCBuildConfiguration;
			buildSettings = {
				ALWAYS_SEARCH_USER_PATHS = NO;
				ASSETCATALOG_COMPILER_GENERATE_SWIFT_ASSET_SYMBOL_EXTENSIONS = YES;
				CLANG_ANALYZER_NONNULL = YES;
				CLANG_ANALYZER_NUMBER_OBJECT_CONVERSION = YES_AGGRESSIVE;
				CLANG_CXX_LANGUAGE_STANDARD = "gnu++20";
				CLANG_ENABLE_MODULES = YES;
				CLANG_ENABLE_OBJC_ARC = YES;
				CLANG_ENABLE_OBJC_WEAK = YES;
				CLANG_WARN_BLOCK_CAPTURE_AUTORELEASING = YES;
				CLANG_WARN_BOOL_CONVERSION = YES;
				CLANG_WARN_COMMA = YES;
				CLANG_WARN_CONSTANT_CONVERSION = YES;
				CLANG_WARN_DEPRECATED_OBJC_IMPLEMENTATIONS = YES;
				CLANG_WARN_DIRECT_OBJC_ISA_USAGE = YES_ERROR;
				CLANG_WARN_DOCUMENTATION_COMMENTS = YES;
				CLANG_WARN_EMPTY_BODY = YES;
				CLANG_WARN_ENUM_CONVERSION = YES;
				CLANG_WARN_INFINITE_RECURSION = YES;
				CLANG_WARN_INT_CONVERSION = YES;
				CLANG_WARN_NON_LITERAL_NULL_CONVERSION = YES;
				CLANG_WARN_OBJC_IMPLICIT_RETAIN_SELF = YES;
				CLANG_WARN_OBJC_LITERAL_CONVERSION = YES;
				CLANG_WARN_OBJC_ROOT_CLASS = YES_ERROR;
				CLANG_WARN_QUOTED_INCLUDE_IN_FRAMEWORK_HEADER = YES;
				CLANG_WARN_RANGE_LOOP_ANALYSIS = YES;
				CLANG_WARN_STRICT_PROTOTYPES = YES;
				CLANG_WARN_SUSPICIOUS_MOVE = YES;
				CLANG_WARN_UNGUARDED_AVAILABILITY = YES_AGGRESSIVE;
				CLANG_WARN_UNREACHABLE_CODE = YES;
				CLANG_WARN__DUPLICATE_METHOD_MATCH = YES;
				COPY_PHASE_STRIP = NO;
				DEBUG_INFORMATION_FORMAT = dwarf;
				ENABLE_STRICT_OBJC_MSGSEND = YES;
				ENABLE_TESTABILITY = YES;
				ENABLE_USER_SCRIPT_SANDBOXING = YES;
				GCC_C_LANGUAGE_STANDARD = gnu17;
				GCC_DYNAMIC_NO_PIC = NO;
				GCC_NO_COMMON_BLOCKS = YES;
				GCC_OPTIMIZATION_LEVEL = 0;
				GCC_PREPROCESSOR_DEFINITIONS = (
					"DEBUG=1",
					"$(inherited)",
				);
				GCC_WARN_64_TO_32_BIT_CONVERSION = YES;
				GCC_WARN_ABOUT_RETURN_TYPE = YES_ERROR;
				GCC_WARN_UNDECLARED_SELECTOR = YES;
				GCC_WARN_UNINITIALIZED_AUTOS = YES_AGGRESSIVE;
				GCC_WARN_UNUSED_FUNCTION = YES;
				GCC_WARN_UNUSED_VARIABLE = YES;
				IPHONEOS_DEPLOYMENT_TARGET = 17.0;
				LOCALIZATION_PREFERS_STRING_CATALOGS = YES;
				MTL_ENABLE_DEBUG_INFO = INCLUDE_SOURCE;
				MTL_FAST_MATH = YES;
				ONLY_ACTIVE_ARCH = YES;
				SDKROOT = iphoneos;
				SWIFT_ACTIVE_COMPILATION_CONDITIONS = "DEBUG $(inherited)";
				SWIFT_OPTIMIZATION_LEVEL = "-Onone";
			};
			name = Debug;
		};
		8DB2B6AC2AB01D9700ADA823 /* Release */ = {
			isa = XCBuildConfiguration;
			buildSettings = {
				ALWAYS_SEARCH_USER_PATHS = NO;
				ASSETCATALOG_COMPILER_GENERATE_SWIFT_ASSET_SYMBOL_EXTENSIONS = YES;
				CLANG_ANALYZER_NONNULL = YES;
				CLANG_ANALYZER_NUMBER_OBJECT_CONVERSION = YES_AGGRESSIVE;
				CLANG_CXX_LANGUAGE_STANDARD = "gnu++20";
				CLANG_ENABLE_MODULES = YES;
				CLANG_ENABLE_OBJC_ARC = YES;
				CLANG_ENABLE_OBJC_WEAK = YES;
				CLANG_WARN_BLOCK_CAPTURE_AUTORELEASING = YES;
				CLANG_WARN_BOOL_CONVERSION = YES;
				CLANG_WARN_COMMA = YES;
				CLANG_WARN_CONSTANT_CONVERSION = YES;
				CLANG_WARN_DEPRECATED_OBJC_IMPLEMENTATIONS = YES;
				CLANG_WARN_DIRECT_OBJC_ISA_USAGE = YES_ERROR;
				CLANG_WARN_DOCUMENTATION_COMMENTS = YES;
				CLANG_WARN_EMPTY_BODY = YES;
				CLANG_WARN_ENUM_CONVERSION = YES;
				CLANG_WARN_INFINITE_RECURSION = YES;
				CLANG_WARN_INT_CONVERSION = YES;
				CLANG_WARN_NON_LITERAL_NULL_CONVERSION = YES;
				CLANG_WARN_OBJC_IMPLICIT_RETAIN_SELF = YES;
				CLANG_WARN_OBJC_LITERAL_CONVERSION = YES;
				CLANG_WARN_OBJC_ROOT_CLASS = YES_ERROR;
				CLANG_WARN_QUOTED_INCLUDE_IN_FRAMEWORK_HEADER = YES;
				CLANG_WARN_RANGE_LOOP_ANALYSIS = YES;
				CLANG_WARN_STRICT_PROTOTYPES = YES;
				CLANG_WARN_SUSPICIOUS_MOVE = YES;
				CLANG_WARN_UNGUARDED_AVAILABILITY = YES_AGGRESSIVE;
				CLANG_WARN_UNREACHABLE_CODE = YES;
				CLANG_WARN__DUPLICATE_METHOD_MATCH = YES;
				COPY_PHASE_STRIP = NO;
				DEBUG_INFORMATION_FORMAT = "dwarf-with-dsym";
				ENABLE_NS_ASSERTIONS = NO;
				ENABLE_STRICT_OBJC_MSGSEND = YES;
				ENABLE_USER_SCRIPT_SANDBOXING = YES;
				GCC_C_LANGUAGE_STANDARD = gnu17;
				GCC_NO_COMMON_BLOCKS = YES;
				GCC_WARN_64_TO_32_BIT_CONVERSION = YES;
				GCC_WARN_ABOUT_RETURN_TYPE = YES_ERROR;
				GCC_WARN_UNDECLARED_SELECTOR = YES;
				GCC_WARN_UNINITIALIZED_AUTOS = YES_AGGRESSIVE;
				GCC_WARN_UNUSED_FUNCTION = YES;
				GCC_WARN_UNUSED_VARIABLE = YES;
				IPHONEOS_DEPLOYMENT_TARGET = 17.0;
				LOCALIZATION_PREFERS_STRING_CATALOGS = YES;
				MTL_ENABLE_DEBUG_INFO = NO;
				MTL_FAST_MATH = YES;
				SDKROOT = iphoneos;
				SWIFT_COMPILATION_MODE = wholemodule;
				VALIDATE_PRODUCT = YES;
			};
			name = Release;
		};
		8DB2B6AE2AB01D9700ADA823 /* Debug */ = {
			isa = XCBuildConfiguration;
			buildSettings = {
				ASSETCATALOG_COMPILER_APPICON_NAME = AppIcon;
				ASSETCATALOG_COMPILER_GLOBAL_ACCENT_COLOR_NAME = AccentColor;
				CODE_SIGN_STYLE = Automatic;
				CURRENT_PROJECT_VERSION = 1;
				DEVELOPMENT_ASSET_PATHS = "\"ExamPrepClient/Preview Content\"";
				DEVELOPMENT_TEAM = B2Q8EGNCQA;
				ENABLE_PREVIEWS = YES;
				GENERATE_INFOPLIST_FILE = YES;
				INFOPLIST_KEY_UIApplicationSceneManifest_Generation = YES;
				INFOPLIST_KEY_UIApplicationSupportsIndirectInputEvents = YES;
				INFOPLIST_KEY_UILaunchScreen_Generation = YES;
				INFOPLIST_KEY_UISupportedInterfaceOrientations_iPad = "UIInterfaceOrientationPortrait UIInterfaceOrientationPortraitUpsideDown UIInterfaceOrientationLandscapeLeft UIInterfaceOrientationLandscapeRight";
				INFOPLIST_KEY_UISupportedInterfaceOrientations_iPhone = "UIInterfaceOrientationPortrait UIInterfaceOrientationLandscapeLeft UIInterfaceOrientationLandscapeRight";
				LD_RUNPATH_SEARCH_PATHS = (
					"$(inherited)",
					"@executable_path/Frameworks",
				);
				MARKETING_VERSION = 1.0;
				PRODUCT_BUNDLE_IDENTIFIER = com.azamsharp.ExamPrepClient;
				PRODUCT_NAME = "$(TARGET_NAME)";
				SWIFT_EMIT_LOC_STRINGS = YES;
				SWIFT_VERSION = 5.0;
				TARGETED_DEVICE_FAMILY = "1,2";
			};
			name = Debug;
		};
		8DB2B6AF2AB01D9700ADA823 /* Release */ = {
			isa = XCBuildConfiguration;
			buildSettings = {
				ASSETCATALOG_COMPILER_APPICON_NAME = AppIcon;
				ASSETCATALOG_COMPILER_GLOBAL_ACCENT_COLOR_NAME = AccentColor;
				CODE_SIGN_STYLE = Automatic;
				CURRENT_PROJECT_VERSION = 1;
				DEVELOPMENT_ASSET_PATHS = "\"ExamPrepClient/Preview Content\"";
				DEVELOPMENT_TEAM = B2Q8EGNCQA;
				ENABLE_PREVIEWS = YES;
				GENERATE_INFOPLIST_FILE = YES;
				INFOPLIST_KEY_UIApplicationSceneManifest_Generation = YES;
				INFOPLIST_KEY_UIApplicationSupportsIndirectInputEvents = YES;
				INFOPLIST_KEY_UILaunchScreen_Generation = YES;
				INFOPLIST_KEY_UISupportedInterfaceOrientations_iPad = "UIInterfaceOrientationPortrait UIInterfaceOrientationPortraitUpsideDown UIInterfaceOrientationLandscapeLeft UIInterfaceOrientationLandscapeRight";
				INFOPLIST_KEY_UISupportedInterfaceOrientations_iPhone = "UIInterfaceOrientationPortrait UIInterfaceOrientationLandscapeLeft UIInterfaceOrientationLandscapeRight";
				LD_RUNPATH_SEARCH_PATHS = (
					"$(inherited)",
					"@executable_path/Frameworks",
				);
				MARKETING_VERSION = 1.0;
				PRODUCT_BUNDLE_IDENTIFIER = com.azamsharp.ExamPrepClient;
				PRODUCT_NAME = "$(TARGET_NAME)";
				SWIFT_EMIT_LOC_STRINGS = YES;
				SWIFT_VERSION = 5.0;
				TARGETED_DEVICE_FAMILY = "1,2";
			};
			name = Release;
		};
/* End XCBuildConfiguration section */

/* Begin XCConfigurationList section */
		8DB2B69A2AB01D9700ADA823 /* Build configuration list for PBXProject "ExamPrepClient" */ = {
			isa = XCConfigurationList;
			buildConfigurations = (
				8DB2B6AB2AB01D9700ADA823 /* Debug */,
				8DB2B6AC2AB01D9700ADA823 /* Release */,
			);
			defaultConfigurationIsVisible = 0;
			defaultConfigurationName = Release;
		};
		8DB2B6AD2AB01D9700ADA823 /* Build configuration list for PBXNativeTarget "ExamPrepClient" */ = {
			isa = XCConfigurationList;
			buildConfigurations = (
				8DB2B6AE2AB01D9700ADA823 /* Debug */,
				8DB2B6AF2AB01D9700ADA823 /* Release */,
			);
			defaultConfigurationIsVisible = 0;
			defaultConfigurationName = Release;
		};
/* End XCConfigurationList section */
	};
	rootObject = 8DB2B6972AB01D9700ADA823 /* Project object */;
}
